
Microsoft Visual Studio Solution File, Format Version 12.00
# Visual Studio Version 16
VisualStudioVersion = 16.0.29728.190
MinimumVisualStudioVersion = 10.0.40219.1
Project("{FAE04EC0-301F-11D3-BF4B-00C04F79EFBC}") = "GalaxyLearningApp", "GalaxyLearningApp.csproj", "{3977C21B-7E0A-4EF1-82F4-BEA466F08605}"
EndProject
Project("{FAE04EC0-301F-11D3-BF4B-00C04F79EFBC}") = "GalaxyLearningApp.Tests", "..\GalaxyLearningApp.Tests\GalaxyLearningApp.Tests.csproj", "{F256343A-3F2C-48FB-9D80-328CCC4BCD9D}"
EndProject
Global
	GlobalSection(SolutionConfigurationPlatforms) = preSolution
		Debug|Any CPU = Debug|Any CPU
		Release|Any CPU = Release|Any CPU
	EndGlobalSection
	GlobalSection(ProjectConfigurationPlatforms) = postSolution
		{3977C21B-7E0A-4EF1-82F4-BEA466F08605}.Debug|Any CPU.ActiveCfg = Debug|Any CPU
		{3977C21B-7E0A-4EF1-82F4-BEA466F08605}.Debug|Any CPU.Build.0 = Debug|Any CPU
		{3977C21B-7E0A-4EF1-82F4-BEA466F08605}.Release|Any CPU.ActiveCfg = Release|Any CPU
		{3977C21B-7E0A-4EF1-82F4-BEA466F08605}.Release|Any CPU.Build.0 = Release|Any CPU
		{F256343A-3F2C-48FB-9D80-328CCC4BCD9D}.Debug|Any CPU.ActiveCfg = Debug|Any CPU
		{F256343A-3F2C-48FB-9D80-328CCC4BCD9D}.Debug|Any CPU.Build.0 = Debug|Any CPU
		{F256343A-3F2C-48FB-9D80-328CCC4BCD9D}.Release|Any CPU.ActiveCfg = Release|Any CPU
		{F256343A-3F2C-48FB-9D80-328CCC4BCD9D}.Release|Any CPU.Build.0 = Release|Any CPU
	EndGlobalSection
	GlobalSection(SolutionProperties) = preSolution
		HideSolutionNode = FALSE
	EndGlobalSection
	GlobalSection(ExtensibilityGlobals) = postSolution
		SolutionGuid = {BD2F91E8-A558-498D-948C-1EF5EFF74E4D}
	EndGlobalSection
EndGlobal
